// !$*UTF8*$!
{
	archiveVersion = 1;
	classes = {
	};
	objectVersion = 56;
	objects = {

/* Begin PBXBuildFile section */
		31C129FE2B7BF0F500658971 /* KlaviyoModule.m in Sources */ = {isa = PBXBuildFile; fileRef = 31C129FB2B7BF0F500658971 /* KlaviyoModule.m */; };
		31C129FF2B7BF0F500658971 /* KlaviyoModule.swift in Sources */ = {isa = PBXBuildFile; fileRef = 31C129FC2B7BF0F500658971 /* KlaviyoModule.swift */; };
		31C12A022B7BF11200658971 /* KlaviyoSwift in Frameworks */ = {isa = PBXBuildFile; productRef = 31C12A012B7BF11200658971 /* KlaviyoSwift */; };
		31C12A042B7BF11200658971 /* KlaviyoSwiftExtension in Frameworks */ = {isa = PBXBuildFile; productRef = 31C12A032B7BF11200658971 /* KlaviyoSwiftExtension */; };
/* End PBXBuildFile section */

/* Begin PBXCopyFilesBuildPhase section */
		31C129EC2B7BF04200658971 /* CopyFiles */ = {
			isa = PBXCopyFilesBuildPhase;
			buildActionMask = 2147483647;
			dstPath = "include/$(PRODUCT_NAME)";
			dstSubfolderSpec = 16;
			files = (
			);
			runOnlyForDeploymentPostprocessing = 0;
		};
/* End PBXCopyFilesBuildPhase section */

/* Begin PBXFileReference section */
		31C129EE2B7BF04200658971 /* libKlaviyoModule.a */ = {isa = PBXFileReference; explicitFileType = archive.ar; includeInIndex = 0; path = libKlaviyoModule.a; sourceTree = BUILT_PRODUCTS_DIR; };
		31C129FB2B7BF0F500658971 /* KlaviyoModule.m */ = {isa = PBXFileReference; fileEncoding = 4; lastKnownFileType = sourcecode.c.objc; path = KlaviyoModule.m; sourceTree = "<group>"; };
		31C129FC2B7BF0F500658971 /* KlaviyoModule.swift */ = {isa = PBXFileReference; fileEncoding = 4; lastKnownFileType = sourcecode.swift; path = KlaviyoModule.swift; sourceTree = "<group>"; };
		31C129FD2B7BF0F500658971 /* KlaviyoModule.h */ = {isa = PBXFileReference; fileEncoding = 4; lastKnownFileType = sourcecode.c.h; path = KlaviyoModule.h; sourceTree = "<group>"; };
/* End PBXFileReference section */

/* Begin PBXFrameworksBuildPhase section */
		31C129EB2B7BF04200658971 /* Frameworks */ = {
			isa = PBXFrameworksBuildPhase;
			buildActionMask = 2147483647;
			files = (
				31C12A042B7BF11200658971 /* KlaviyoSwiftExtension in Frameworks */,
				31C12A022B7BF11200658971 /* KlaviyoSwift in Frameworks */,
			);
			runOnlyForDeploymentPostprocessing = 0;
		};
/* End PBXFrameworksBuildPhase section */

/* Begin PBXGroup section */
		31C129E52B7BF04200658971 = {
			isa = PBXGroup;
			children = (
				31C129FD2B7BF0F500658971 /* KlaviyoModule.h */,
				31C129FB2B7BF0F500658971 /* KlaviyoModule.m */,
				31C129FC2B7BF0F500658971 /* KlaviyoModule.swift */,
				31C129EF2B7BF04200658971 /* Products */,
			);
			sourceTree = "<group>";
		};
		31C129EF2B7BF04200658971 /* Products */ = {
			isa = PBXGroup;
			children = (
				31C129EE2B7BF04200658971 /* libKlaviyoModule.a */,
			);
			name = Products;
			sourceTree = "<group>";
		};
/* End PBXGroup section */

/* Begin PBXNativeTarget section */
		31C129ED2B7BF04200658971 /* KlaviyoModule */ = {
			isa = PBXNativeTarget;
			buildConfigurationList = 31C129F72B7BF04200658971 /* Build configuration list for PBXNativeTarget "KlaviyoModule" */;
			buildPhases = (
				31C129EA2B7BF04200658971 /* Sources */,
				31C129EB2B7BF04200658971 /* Frameworks */,
				31C129EC2B7BF04200658971 /* CopyFiles */,
			);
			buildRules = (
			);
			dependencies = (
			);
			name = KlaviyoModule;
			packageProductDependencies = (
				31C12A012B7BF11200658971 /* KlaviyoSwift */,
				31C12A032B7BF11200658971 /* KlaviyoSwiftExtension */,
			);
			productName = KlaviyoModule;
			productReference = 31C129EE2B7BF04200658971 /* libKlaviyoModule.a */;
			productType = "com.apple.product-type.library.static";
		};
/* End PBXNativeTarget section */

/* Begin PBXProject section */
		31C129E62B7BF04200658971 /* Project object */ = {
			isa = PBXProject;
			attributes = {
				BuildIndependentTargetsInParallel = 1;
				LastUpgradeCheck = 1420;
				TargetAttributes = {
					31C129ED2B7BF04200658971 = {
						CreatedOnToolsVersion = 14.2;
						LastSwiftMigration = 1420;
					};
				};
			};
			buildConfigurationList = 31C129E92B7BF04200658971 /* Build configuration list for PBXProject "KlaviyoModule" */;
			compatibilityVersion = "Xcode 14.0";
			developmentRegion = en;
			hasScannedForEncodings = 0;
			knownRegions = (
				en,
				Base,
			);
			mainGroup = 31C129E52B7BF04200658971;
			packageReferences = (
				31C12A002B7BF11200658971 /* XCRemoteSwiftPackageReference "klaviyo-swift-sdk" */,
			);
			productRefGroup = 31C129EF2B7BF04200658971 /* Products */;
			projectDirPath = "";
			projectRoot = "";
			targets = (
				31C129ED2B7BF04200658971 /* KlaviyoModule */,
			);
		};
/* End PBXProject section */

/* Begin PBXSourcesBuildPhase section */
		31C129EA2B7BF04200658971 /* Sources */ = {
			isa = PBXSourcesBuildPhase;
			buildActionMask = 2147483647;
			files = (
				31C129FE2B7BF0F500658971 /* KlaviyoModule.m in Sources */,
				31C129FF2B7BF0F500658971 /* KlaviyoModule.swift in Sources */,
			);
			runOnlyForDeploymentPostprocessing = 0;
		};
/* End PBXSourcesBuildPhase section */

/* Begin XCBuildConfiguration section */
		31C129F52B7BF04200658971 /* Debug */ = {
			isa = XCBuildConfiguration;
			buildSettings = {
				ALWAYS_SEARCH_USER_PATHS = NO;
				CLANG_ANALYZER_NONNULL = YES;
				CLANG_ANALYZER_NUMBER_OBJECT_CONVERSION = YES_AGGRESSIVE;
				CLANG_CXX_LANGUAGE_STANDARD = "gnu++20";
				CLANG_ENABLE_MODULES = YES;
				CLANG_ENABLE_OBJC_ARC = YES;
				CLANG_ENABLE_OBJC_WEAK = YES;
				CLANG_WARN_BLOCK_CAPTURE_AUTORELEASING = YES;
				CLANG_WARN_BOOL_CONVERSION = YES;
				CLANG_WARN_COMMA = YES;
				CLANG_WARN_CONSTANT_CONVERSION = YES;
				CLANG_WARN_DEPRECATED_OBJC_IMPLEMENTATIONS = YES;
				CLANG_WARN_DIRECT_OBJC_ISA_USAGE = YES_ERROR;
				CLANG_WARN_DOCUMENTATION_COMMENTS = YES;
				CLANG_WARN_EMPTY_BODY = YES;
				CLANG_WARN_ENUM_CONVERSION = YES;
				CLANG_WARN_INFINITE_RECURSION = YES;
				CLANG_WARN_INT_CONVERSION = YES;
				CLANG_WARN_NON_LITERAL_NULL_CONVERSION = YES;
				CLANG_WARN_OBJC_IMPLICIT_RETAIN_SELF = YES;
				CLANG_WARN_OBJC_LITERAL_CONVERSION = YES;
				CLANG_WARN_OBJC_ROOT_CLASS = YES_ERROR;
				CLANG_WARN_QUOTED_INCLUDE_IN_FRAMEWORK_HEADER = YES;
				CLANG_WARN_RANGE_LOOP_ANALYSIS = YES;
				CLANG_WARN_STRICT_PROTOTYPES = YES;
				CLANG_WARN_SUSPICIOUS_MOVE = YES;
				CLANG_WARN_UNGUARDED_AVAILABILITY = YES_AGGRESSIVE;
				CLANG_WARN_UNREACHABLE_CODE = YES;
				CLANG_WARN__DUPLICATE_METHOD_MATCH = YES;
				COPY_PHASE_STRIP = NO;
				DEBUG_INFORMATION_FORMAT = dwarf;
				ENABLE_STRICT_OBJC_MSGSEND = YES;
				ENABLE_TESTABILITY = YES;
				GCC_C_LANGUAGE_STANDARD = gnu11;
				GCC_DYNAMIC_NO_PIC = NO;
				GCC_NO_COMMON_BLOCKS = YES;
				GCC_OPTIMIZATION_LEVEL = 0;
				GCC_PREPROCESSOR_DEFINITIONS = (
					"DEBUG=1",
					"$(inherited)",
				);
				GCC_WARN_64_TO_32_BIT_CONVERSION = YES;
				GCC_WARN_ABOUT_RETURN_TYPE = YES_ERROR;
				GCC_WARN_UNDECLARED_SELECTOR = YES;
				GCC_WARN_UNINITIALIZED_AUTOS = YES_AGGRESSIVE;
				GCC_WARN_UNUSED_FUNCTION = YES;
				GCC_WARN_UNUSED_VARIABLE = YES;
				IPHONEOS_DEPLOYMENT_TARGET = 16.2;
				MTL_ENABLE_DEBUG_INFO = INCLUDE_SOURCE;
				MTL_FAST_MATH = YES;
				ONLY_ACTIVE_ARCH = YES;
				SDKROOT = iphoneos;
			};
			name = Debug;
		};
		31C129F62B7BF04200658971 /* Release */ = {
			isa = XCBuildConfiguration;
			buildSettings = {
				ALWAYS_SEARCH_USER_PATHS = NO;
				CLANG_ANALYZER_NONNULL = YES;
				CLANG_ANALYZER_NUMBER_OBJECT_CONVERSION = YES_AGGRESSIVE;
				CLANG_CXX_LANGUAGE_STANDARD = "gnu++20";
				CLANG_ENABLE_MODULES = YES;
				CLANG_ENABLE_OBJC_ARC = YES;
				CLANG_ENABLE_OBJC_WEAK = YES;
				CLANG_WARN_BLOCK_CAPTURE_AUTORELEASING = YES;
				CLANG_WARN_BOOL_CONVERSION = YES;
				CLANG_WARN_COMMA = YES;
				CLANG_WARN_CONSTANT_CONVERSION = YES;
				CLANG_WARN_DEPRECATED_OBJC_IMPLEMENTATIONS = YES;
				CLANG_WARN_DIRECT_OBJC_ISA_USAGE = YES_ERROR;
				CLANG_WARN_DOCUMENTATION_COMMENTS = YES;
				CLANG_WARN_EMPTY_BODY = YES;
				CLANG_WARN_ENUM_CONVERSION = YES;
				CLANG_WARN_INFINITE_RECURSION = YES;
				CLANG_WARN_INT_CONVERSION = YES;
				CLANG_WARN_NON_LITERAL_NULL_CONVERSION = YES;
				CLANG_WARN_OBJC_IMPLICIT_RETAIN_SELF = YES;
				CLANG_WARN_OBJC_LITERAL_CONVERSION = YES;
				CLANG_WARN_OBJC_ROOT_CLASS = YES_ERROR;
				CLANG_WARN_QUOTED_INCLUDE_IN_FRAMEWORK_HEADER = YES;
				CLANG_WARN_RANGE_LOOP_ANALYSIS = YES;
				CLANG_WARN_STRICT_PROTOTYPES = YES;
				CLANG_WARN_SUSPICIOUS_MOVE = YES;
				CLANG_WARN_UNGUARDED_AVAILABILITY = YES_AGGRESSIVE;
				CLANG_WARN_UNREACHABLE_CODE = YES;
				CLANG_WARN__DUPLICATE_METHOD_MATCH = YES;
				COPY_PHASE_STRIP = NO;
				DEBUG_INFORMATION_FORMAT = "dwarf-with-dsym";
				ENABLE_NS_ASSERTIONS = NO;
				ENABLE_STRICT_OBJC_MSGSEND = YES;
				GCC_C_LANGUAGE_STANDARD = gnu11;
				GCC_NO_COMMON_BLOCKS = YES;
				GCC_WARN_64_TO_32_BIT_CONVERSION = YES;
				GCC_WARN_ABOUT_RETURN_TYPE = YES_ERROR;
				GCC_WARN_UNDECLARED_SELECTOR = YES;
				GCC_WARN_UNINITIALIZED_AUTOS = YES_AGGRESSIVE;
				GCC_WARN_UNUSED_FUNCTION = YES;
				GCC_WARN_UNUSED_VARIABLE = YES;
				IPHONEOS_DEPLOYMENT_TARGET = 16.2;
				MTL_ENABLE_DEBUG_INFO = NO;
				MTL_FAST_MATH = YES;
				SDKROOT = iphoneos;
				VALIDATE_PRODUCT = YES;
			};
			name = Release;
		};
		31C129F82B7BF04200658971 /* Debug */ = {
			isa = XCBuildConfiguration;
			buildSettings = {
				CLANG_ENABLE_MODULES = YES;
				CODE_SIGN_STYLE = Automatic;
				LD_RUNPATH_SEARCH_PATHS = (
					"$(inherited)",
					"@executable_path/Frameworks",
					"@loader_path/Frameworks",
				);
				OTHER_LDFLAGS = "-ObjC";
				PRODUCT_NAME = "$(TARGET_NAME)";
				SKIP_INSTALL = YES;
				SWIFT_OBJC_BRIDGING_HEADER = "KlaviyoModule-Bridging-Header.h";
				SWIFT_OPTIMIZATION_LEVEL = "-Onone";
				SWIFT_VERSION = 5.0;
				TARGETED_DEVICE_FAMILY = "1,2";
			};
			name = Debug;
		};
		31C129F92B7BF04200658971 /* Release */ = {
			isa = XCBuildConfiguration;
			buildSettings = {
				CLANG_ENABLE_MODULES = YES;
				CODE_SIGN_STYLE = Automatic;
				LD_RUNPATH_SEARCH_PATHS = (
					"$(inherited)",
					"@executable_path/Frameworks",
					"@loader_path/Frameworks",
				);
				OTHER_LDFLAGS = "-ObjC";
				PRODUCT_NAME = "$(TARGET_NAME)";
				SKIP_INSTALL = YES;
				SWIFT_OBJC_BRIDGING_HEADER = "KlaviyoModule-Bridging-Header.h";
				SWIFT_VERSION = 5.0;
				TARGETED_DEVICE_FAMILY = "1,2";
			};
			name = Release;
		};
/* End XCBuildConfiguration section */

/* Begin XCConfigurationList section */
		31C129E92B7BF04200658971 /* Build configuration list for PBXProject "KlaviyoModule" */ = {
			isa = XCConfigurationList;
			buildConfigurations = (
				31C129F52B7BF04200658971 /* Debug */,
				31C129F62B7BF04200658971 /* Release */,
			);
			defaultConfigurationIsVisible = 0;
			defaultConfigurationName = Release;
		};
		31C129F72B7BF04200658971 /* Build configuration list for PBXNativeTarget "KlaviyoModule" */ = {
			isa = XCConfigurationList;
			buildConfigurations = (
				31C129F82B7BF04200658971 /* Debug */,
				31C129F92B7BF04200658971 /* Release */,
			);
			defaultConfigurationIsVisible = 0;
			defaultConfigurationName = Release;
		};
/* End XCConfigurationList section */

/* Begin XCRemoteSwiftPackageReference section */
		31C12A002B7BF11200658971 /* XCRemoteSwiftPackageReference "klaviyo-swift-sdk" */ = {
			isa = XCRemoteSwiftPackageReference;
			repositoryURL = "https://github.com/klaviyo/klaviyo-swift-sdk.git";
			requirement = {
				kind = exactVersion;
				version = 3.0.2;
			};
		};
/* End XCRemoteSwiftPackageReference section */

/* Begin XCSwiftPackageProductDependency section */
		31C12A012B7BF11200658971 /* KlaviyoSwift */ = {
			isa = XCSwiftPackageProductDependency;
			package = 31C12A002B7BF11200658971 /* XCRemoteSwiftPackageReference "klaviyo-swift-sdk" */;
			productName = KlaviyoSwift;
		};
		31C12A032B7BF11200658971 /* KlaviyoSwiftExtension */ = {
			isa = XCSwiftPackageProductDependency;
			package = 31C12A002B7BF11200658971 /* XCRemoteSwiftPackageReference "klaviyo-swift-sdk" */;
			productName = KlaviyoSwiftExtension;
		};
/* End XCSwiftPackageProductDependency section */
	};
	rootObject = 31C129E62B7BF04200658971 /* Project object */;
}
